
Microsoft Visual Studio Solution File, Format Version 12.00
# Visual Studio Version 17
VisualStudioVersion = 17.6.33829.357
MinimumVisualStudioVersion = 10.0.40219.1
Project("{8BC9CEB8-8B4A-11D0-8D11-00A0C91BC942}") = "001_bmic", "001_bmic\001_bmic.vcxproj", "{8135F37A-E181-413E-B0BF-6A3003350A8E}"
EndProject
Project("{8BC9CEB8-8B4A-11D0-8D11-00A0C91BC942}") = "002bmicpp", "bmicpp\bmicpp.vcxproj", "{95021495-0CAF-4CBB-9212-23FBA348D78D}"
EndProject
Project("{9A19103F-16F7-4668-BE54-9A1E7A4F7556}") = "003bmics", "003bmics\003bmics.csproj", "{830429CD-3928-4D85-B060-27D1563D948E}"
EndProject
Project("{FAE04EC0-301F-11D3-BF4B-00C04F79EFBC}") = "004_BMIFROM", "004_BMIFROM\004_BMIFROM.csproj", "{8BBC28A2-6272-4DEF-A150-726D91C332F4}"
EndProject
Project("{FAE04EC0-301F-11D3-BF4B-00C04F79EFBC}") = "005_bmiFrom_", "005_bmiFrom_\005_bmiFrom_.csproj", "{26472CB6-AFF3-403A-B9AE-E847B4AC922F}"
EndProject
Project("{FAE04EC0-301F-11D3-BF4B-00C04F79EFBC}") = "006bmi_From", "bmi_From\006bmi_From.csproj", "{578CCA10-3245-4601-B221-ACF8994F2602}"
EndProject
Project("{FAE04EC0-301F-11D3-BF4B-00C04F79EFBC}") = "007__Login", "008__Login\007__Login.csproj", "{6387690B-020D-4DE3-9CB3-BF8358A3B138}"
EndProject
Project("{FAE04EC0-301F-11D3-BF4B-00C04F79EFBC}") = "008_from", "009_from\008_from.csproj", "{1D9AF66C-8E7D-49E4-85EE-EE5F25F674BA}"
EndProject
Project("{FAE04EC0-301F-11D3-BF4B-00C04F79EFBC}") = "009_messageBox", "010_messageBox\009_messageBox.csproj", "{2B187196-9C87-4FAB-AF9C-3A3FFCBCE44C}"
EndProject
Project("{FAE04EC0-301F-11D3-BF4B-00C04F79EFBC}") = "010", "11_\010.csproj", "{5EBB346B-BCB4-45E1-8A52-D8C98A5888D1}"
EndProject
Project("{FAE04EC0-301F-11D3-BF4B-00C04F79EFBC}") = "011", "12-\011.csproj", "{57D25A7E-F489-4CB9-A448-5723557F3BD2}"
EndProject
Project("{FAE04EC0-301F-11D3-BF4B-00C04F79EFBC}") = "012", "13-\012.csproj", "{487AD46D-1F5F-47CA-970B-1E05F6786E10}"
EndProject
Project("{FAE04EC0-301F-11D3-BF4B-00C04F79EFBC}") = "013_radiobutton", "14_\013_radiobutton.csproj", "{4E3242CF-73C5-4DFC-A6EF-4A022BC796B5}"
EndProject
Project("{FAE04EC0-301F-11D3-BF4B-00C04F79EFBC}") = "014_score", "014_\014_score.csproj", "{1582FB13-2637-45F0-BA41-9FB28F707784}"
EndProject
Project("{FAE04EC0-301F-11D3-BF4B-00C04F79EFBC}") = "015_Grade", "015_\015_Grade.csproj", "{9AD87B36-B6DE-4A44-A9D5-D68777256C0F}"
EndProject
Project("{FAE04EC0-301F-11D3-BF4B-00C04F79EFBC}") = "016", "016\016.csproj", "{59582C27-1227-4F27-B32D-BD984F90F0DC}"
EndProject
Global
	GlobalSection(SolutionConfigurationPlatforms) = preSolution
		Debug|Any CPU = Debug|Any CPU
		Debug|x64 = Debug|x64
		Debug|x86 = Debug|x86
		Release|Any CPU = Release|Any CPU
		Release|x64 = Release|x64
		Release|x86 = Release|x86
	EndGlobalSection
	GlobalSection(ProjectConfigurationPlatforms) = postSolution
		{8135F37A-E181-413E-B0BF-6A3003350A8E}.Debug|Any CPU.ActiveCfg = Debug|x64
		{8135F37A-E181-413E-B0BF-6A3003350A8E}.Debug|Any CPU.Build.0 = Debug|x64
		{8135F37A-E181-413E-B0BF-6A3003350A8E}.Debug|x64.ActiveCfg = Debug|x64
		{8135F37A-E181-413E-B0BF-6A3003350A8E}.Debug|x64.Build.0 = Debug|x64
		{8135F37A-E181-413E-B0BF-6A3003350A8E}.Debug|x86.ActiveCfg = Debug|Win32
		{8135F37A-E181-413E-B0BF-6A3003350A8E}.Debug|x86.Build.0 = Debug|Win32
		{8135F37A-E181-413E-B0BF-6A3003350A8E}.Release|Any CPU.ActiveCfg = Release|x64
		{8135F37A-E181-413E-B0BF-6A3003350A8E}.Release|Any CPU.Build.0 = Release|x64
		{8135F37A-E181-413E-B0BF-6A3003350A8E}.Release|x64.ActiveCfg = Release|x64
		{8135F37A-E181-413E-B0BF-6A3003350A8E}.Release|x64.Build.0 = Release|x64
		{8135F37A-E181-413E-B0BF-6A3003350A8E}.Release|x86.ActiveCfg = Release|Win32
		{8135F37A-E181-413E-B0BF-6A3003350A8E}.Release|x86.Build.0 = Release|Win32
		{95021495-0CAF-4CBB-9212-23FBA348D78D}.Debug|Any CPU.ActiveCfg = Debug|x64
		{95021495-0CAF-4CBB-9212-23FBA348D78D}.Debug|Any CPU.Build.0 = Debug|x64
		{95021495-0CAF-4CBB-9212-23FBA348D78D}.Debug|x64.ActiveCfg = Debug|x64
		{95021495-0CAF-4CBB-9212-23FBA348D78D}.Debug|x64.Build.0 = Debug|x64
		{95021495-0CAF-4CBB-9212-23FBA348D78D}.Debug|x86.ActiveCfg = Debug|Win32
		{95021495-0CAF-4CBB-9212-23FBA348D78D}.Debug|x86.Build.0 = Debug|Win32
		{95021495-0CAF-4CBB-9212-23FBA348D78D}.Release|Any CPU.ActiveCfg = Release|x64
		{95021495-0CAF-4CBB-9212-23FBA348D78D}.Release|Any CPU.Build.0 = Release|x64
		{95021495-0CAF-4CBB-9212-23FBA348D78D}.Release|x64.ActiveCfg = Release|x64
		{95021495-0CAF-4CBB-9212-23FBA348D78D}.Release|x64.Build.0 = Release|x64
		{95021495-0CAF-4CBB-9212-23FBA348D78D}.Release|x86.ActiveCfg = Release|Win32
		{95021495-0CAF-4CBB-9212-23FBA348D78D}.Release|x86.Build.0 = Release|Win32
		{830429CD-3928-4D85-B060-27D1563D948E}.Debug|Any CPU.ActiveCfg = Debug|Any CPU
		{830429CD-3928-4D85-B060-27D1563D948E}.Debug|Any CPU.Build.0 = Debug|Any CPU
		{830429CD-3928-4D85-B060-27D1563D948E}.Debug|x64.ActiveCfg = Debug|Any CPU
		{830429CD-3928-4D85-B060-27D1563D948E}.Debug|x64.Build.0 = Debug|Any CPU
		{830429CD-3928-4D85-B060-27D1563D948E}.Debug|x86.ActiveCfg = Debug|Any CPU
		{830429CD-3928-4D85-B060-27D1563D948E}.Debug|x86.Build.0 = Debug|Any CPU
		{830429CD-3928-4D85-B060-27D1563D948E}.Release|Any CPU.ActiveCfg = Release|Any CPU
		{830429CD-3928-4D85-B060-27D1563D948E}.Release|Any CPU.Build.0 = Release|Any CPU
		{830429CD-3928-4D85-B060-27D1563D948E}.Release|x64.ActiveCfg = Release|Any CPU
		{830429CD-3928-4D85-B060-27D1563D948E}.Release|x64.Build.0 = Release|Any CPU
		{830429CD-3928-4D85-B060-27D1563D948E}.Release|x86.ActiveCfg = Release|Any CPU
		{830429CD-3928-4D85-B060-27D1563D948E}.Release|x86.Build.0 = Release|Any CPU
		{8BBC28A2-6272-4DEF-A150-726D91C332F4}.Debug|Any CPU.ActiveCfg = Debug|Any CPU
		{8BBC28A2-6272-4DEF-A150-726D91C332F4}.Debug|Any CPU.Build.0 = Debug|Any CPU
		{8BBC28A2-6272-4DEF-A150-726D91C332F4}.Debug|x64.ActiveCfg = Debug|Any CPU
		{8BBC28A2-6272-4DEF-A150-726D91C332F4}.Debug|x64.Build.0 = Debug|Any CPU
		{8BBC28A2-6272-4DEF-A150-726D91C332F4}.Debug|x86.ActiveCfg = Debug|Any CPU
		{8BBC28A2-6272-4DEF-A150-726D91C332F4}.Debug|x86.Build.0 = Debug|Any CPU
		{8BBC28A2-6272-4DEF-A150-726D91C332F4}.Release|Any CPU.ActiveCfg = Release|Any CPU
		{8BBC28A2-6272-4DEF-A150-726D91C332F4}.Release|Any CPU.Build.0 = Release|Any CPU
		{8BBC28A2-6272-4DEF-A150-726D91C332F4}.Release|x64.ActiveCfg = Release|Any CPU
		{8BBC28A2-6272-4DEF-A150-726D91C332F4}.Release|x64.Build.0 = Release|Any CPU
		{8BBC28A2-6272-4DEF-A150-726D91C332F4}.Release|x86.ActiveCfg = Release|Any CPU
		{8BBC28A2-6272-4DEF-A150-726D91C332F4}.Release|x86.Build.0 = Release|Any CPU
		{26472CB6-AFF3-403A-B9AE-E847B4AC922F}.Debug|Any CPU.ActiveCfg = Debug|Any CPU
		{26472CB6-AFF3-403A-B9AE-E847B4AC922F}.Debug|Any CPU.Build.0 = Debug|Any CPU
		{26472CB6-AFF3-403A-B9AE-E847B4AC922F}.Debug|x64.ActiveCfg = Debug|Any CPU
		{26472CB6-AFF3-403A-B9AE-E847B4AC922F}.Debug|x64.Build.0 = Debug|Any CPU
		{26472CB6-AFF3-403A-B9AE-E847B4AC922F}.Debug|x86.ActiveCfg = Debug|Any CPU
		{26472CB6-AFF3-403A-B9AE-E847B4AC922F}.Debug|x86.Build.0 = Debug|Any CPU
		{26472CB6-AFF3-403A-B9AE-E847B4AC922F}.Release|Any CPU.ActiveCfg = Release|Any CPU
		{26472CB6-AFF3-403A-B9AE-E847B4AC922F}.Release|Any CPU.Build.0 = Release|Any CPU
		{26472CB6-AFF3-403A-B9AE-E847B4AC922F}.Release|x64.ActiveCfg = Release|Any CPU
		{26472CB6-AFF3-403A-B9AE-E847B4AC922F}.Release|x64.Build.0 = Release|Any CPU
		{26472CB6-AFF3-403A-B9AE-E847B4AC922F}.Release|x86.ActiveCfg = Release|Any CPU
		{26472CB6-AFF3-403A-B9AE-E847B4AC922F}.Release|x86.Build.0 = Release|Any CPU
		{578CCA10-3245-4601-B221-ACF8994F2602}.Debug|Any CPU.ActiveCfg = Debug|Any CPU
		{578CCA10-3245-4601-B221-ACF8994F2602}.Debug|Any CPU.Build.0 = Debug|Any CPU
		{578CCA10-3245-4601-B221-ACF8994F2602}.Debug|x64.ActiveCfg = Debug|Any CPU
		{578CCA10-3245-4601-B221-ACF8994F2602}.Debug|x64.Build.0 = Debug|Any CPU
		{578CCA10-3245-4601-B221-ACF8994F2602}.Debug|x86.ActiveCfg = Debug|Any CPU
		{578CCA10-3245-4601-B221-ACF8994F2602}.Debug|x86.Build.0 = Debug|Any CPU
		{578CCA10-3245-4601-B221-ACF8994F2602}.Release|Any CPU.ActiveCfg = Release|Any CPU
		{578CCA10-3245-4601-B221-ACF8994F2602}.Release|Any CPU.Build.0 = Release|Any CPU
		{578CCA10-3245-4601-B221-ACF8994F2602}.Release|x64.ActiveCfg = Release|Any CPU
		{578CCA10-3245-4601-B221-ACF8994F2602}.Release|x64.Build.0 = Release|Any CPU
		{578CCA10-3245-4601-B221-ACF8994F2602}.Release|x86.ActiveCfg = Release|Any CPU
		{578CCA10-3245-4601-B221-ACF8994F2602}.Release|x86.Build.0 = Release|Any CPU
		{6387690B-020D-4DE3-9CB3-BF8358A3B138}.Debug|Any CPU.ActiveCfg = Debug|Any CPU
		{6387690B-020D-4DE3-9CB3-BF8358A3B138}.Debug|Any CPU.Build.0 = Debug|Any CPU
		{6387690B-020D-4DE3-9CB3-BF8358A3B138}.Debug|x64.ActiveCfg = Debug|Any CPU
		{6387690B-020D-4DE3-9CB3-BF8358A3B138}.Debug|x64.Build.0 = Debug|Any CPU
		{6387690B-020D-4DE3-9CB3-BF8358A3B138}.Debug|x86.ActiveCfg = Debug|Any CPU
		{6387690B-020D-4DE3-9CB3-BF8358A3B138}.Debug|x86.Build.0 = Debug|Any CPU
		{6387690B-020D-4DE3-9CB3-BF8358A3B138}.Release|Any CPU.ActiveCfg = Release|Any CPU
		{6387690B-020D-4DE3-9CB3-BF8358A3B138}.Release|Any CPU.Build.0 = Release|Any CPU
		{6387690B-020D-4DE3-9CB3-BF8358A3B138}.Release|x64.ActiveCfg = Release|Any CPU
		{6387690B-020D-4DE3-9CB3-BF8358A3B138}.Release|x64.Build.0 = Release|Any CPU
		{6387690B-020D-4DE3-9CB3-BF8358A3B138}.Release|x86.ActiveCfg = Release|Any CPU
		{6387690B-020D-4DE3-9CB3-BF8358A3B138}.Release|x86.Build.0 = Release|Any CPU
		{1D9AF66C-8E7D-49E4-85EE-EE5F25F674BA}.Debug|Any CPU.ActiveCfg = Debug|Any CPU
		{1D9AF66C-8E7D-49E4-85EE-EE5F25F674BA}.Debug|Any CPU.Build.0 = Debug|Any CPU
		{1D9AF66C-8E7D-49E4-85EE-EE5F25F674BA}.Debug|x64.ActiveCfg = Debug|Any CPU
		{1D9AF66C-8E7D-49E4-85EE-EE5F25F674BA}.Debug|x64.Build.0 = Debug|Any CPU
		{1D9AF66C-8E7D-49E4-85EE-EE5F25F674BA}.Debug|x86.ActiveCfg = Debug|Any CPU
		{1D9AF66C-8E7D-49E4-85EE-EE5F25F674BA}.Debug|x86.Build.0 = Debug|Any CPU
		{1D9AF66C-8E7D-49E4-85EE-EE5F25F674BA}.Release|Any CPU.ActiveCfg = Release|Any CPU
		{1D9AF66C-8E7D-49E4-85EE-EE5F25F674BA}.Release|Any CPU.Build.0 = Release|Any CPU
		{1D9AF66C-8E7D-49E4-85EE-EE5F25F674BA}.Release|x64.ActiveCfg = Release|Any CPU
		{1D9AF66C-8E7D-49E4-85EE-EE5F25F674BA}.Release|x64.Build.0 = Release|Any CPU
		{1D9AF66C-8E7D-49E4-85EE-EE5F25F674BA}.Release|x86.ActiveCfg = Release|Any CPU
		{1D9AF66C-8E7D-49E4-85EE-EE5F25F674BA}.Release|x86.Build.0 = Release|Any CPU
		{2B187196-9C87-4FAB-AF9C-3A3FFCBCE44C}.Debug|Any CPU.ActiveCfg = Debug|Any CPU
		{2B187196-9C87-4FAB-AF9C-3A3FFCBCE44C}.Debug|Any CPU.Build.0 = Debug|Any CPU
		{2B187196-9C87-4FAB-AF9C-3A3FFCBCE44C}.Debug|x64.ActiveCfg = Debug|Any CPU
		{2B187196-9C87-4FAB-AF9C-3A3FFCBCE44C}.Debug|x64.Build.0 = Debug|Any CPU
		{2B187196-9C87-4FAB-AF9C-3A3FFCBCE44C}.Debug|x86.ActiveCfg = Debug|Any CPU
		{2B187196-9C87-4FAB-AF9C-3A3FFCBCE44C}.Debug|x86.Build.0 = Debug|Any CPU
		{2B187196-9C87-4FAB-AF9C-3A3FFCBCE44C}.Release|Any CPU.ActiveCfg = Release|Any CPU
		{2B187196-9C87-4FAB-AF9C-3A3FFCBCE44C}.Release|Any CPU.Build.0 = Release|Any CPU
		{2B187196-9C87-4FAB-AF9C-3A3FFCBCE44C}.Release|x64.ActiveCfg = Release|Any CPU
		{2B187196-9C87-4FAB-AF9C-3A3FFCBCE44C}.Release|x64.Build.0 = Release|Any CPU
		{2B187196-9C87-4FAB-AF9C-3A3FFCBCE44C}.Release|x86.ActiveCfg = Release|Any CPU
		{2B187196-9C87-4FAB-AF9C-3A3FFCBCE44C}.Release|x86.Build.0 = Release|Any CPU
		{5EBB346B-BCB4-45E1-8A52-D8C98A5888D1}.Debug|Any CPU.ActiveCfg = Debug|Any CPU
		{5EBB346B-BCB4-45E1-8A52-D8C98A5888D1}.Debug|Any CPU.Build.0 = Debug|Any CPU
		{5EBB346B-BCB4-45E1-8A52-D8C98A5888D1}.Debug|x64.ActiveCfg = Debug|Any CPU
		{5EBB346B-BCB4-45E1-8A52-D8C98A5888D1}.Debug|x64.Build.0 = Debug|Any CPU
		{5EBB346B-BCB4-45E1-8A52-D8C98A5888D1}.Debug|x86.ActiveCfg = Debug|Any CPU
		{5EBB346B-BCB4-45E1-8A52-D8C98A5888D1}.Debug|x86.Build.0 = Debug|Any CPU
		{5EBB346B-BCB4-45E1-8A52-D8C98A5888D1}.Release|Any CPU.ActiveCfg = Release|Any CPU
		{5EBB346B-BCB4-45E1-8A52-D8C98A5888D1}.Release|Any CPU.Build.0 = Release|Any CPU
		{5EBB346B-BCB4-45E1-8A52-D8C98A5888D1}.Release|x64.ActiveCfg = Release|Any CPU
		{5EBB346B-BCB4-45E1-8A52-D8C98A5888D1}.Release|x64.Build.0 = Release|Any CPU
		{5EBB346B-BCB4-45E1-8A52-D8C98A5888D1}.Release|x86.ActiveCfg = Release|Any CPU
		{5EBB346B-BCB4-45E1-8A52-D8C98A5888D1}.Release|x86.Build.0 = Release|Any CPU
		{57D25A7E-F489-4CB9-A448-5723557F3BD2}.Debug|Any CPU.ActiveCfg = Debug|Any CPU
		{57D25A7E-F489-4CB9-A448-5723557F3BD2}.Debug|Any CPU.Build.0 = Debug|Any CPU
		{57D25A7E-F489-4CB9-A448-5723557F3BD2}.Debug|x64.ActiveCfg = Debug|Any CPU
		{57D25A7E-F489-4CB9-A448-5723557F3BD2}.Debug|x64.Build.0 = Debug|Any CPU
		{57D25A7E-F489-4CB9-A448-5723557F3BD2}.Debug|x86.ActiveCfg = Debug|Any CPU
		{57D25A7E-F489-4CB9-A448-5723557F3BD2}.Debug|x86.Build.0 = Debug|Any CPU
		{57D25A7E-F489-4CB9-A448-5723557F3BD2}.Release|Any CPU.ActiveCfg = Release|Any CPU
		{57D25A7E-F489-4CB9-A448-5723557F3BD2}.Release|Any CPU.Build.0 = Release|Any CPU
		{57D25A7E-F489-4CB9-A448-5723557F3BD2}.Release|x64.ActiveCfg = Release|Any CPU
		{57D25A7E-F489-4CB9-A448-5723557F3BD2}.Release|x64.Build.0 = Release|Any CPU
		{57D25A7E-F489-4CB9-A448-5723557F3BD2}.Release|x86.ActiveCfg = Release|Any CPU
		{57D25A7E-F489-4CB9-A448-5723557F3BD2}.Release|x86.Build.0 = Release|Any CPU
		{487AD46D-1F5F-47CA-970B-1E05F6786E10}.Debug|Any CPU.ActiveCfg = Debug|Any CPU
		{487AD46D-1F5F-47CA-970B-1E05F6786E10}.Debug|Any CPU.Build.0 = Debug|Any CPU
		{487AD46D-1F5F-47CA-970B-1E05F6786E10}.Debug|x64.ActiveCfg = Debug|Any CPU
		{487AD46D-1F5F-47CA-970B-1E05F6786E10}.Debug|x64.Build.0 = Debug|Any CPU
		{487AD46D-1F5F-47CA-970B-1E05F6786E10}.Debug|x86.ActiveCfg = Debug|Any CPU
		{487AD46D-1F5F-47CA-970B-1E05F6786E10}.Debug|x86.Build.0 = Debug|Any CPU
		{487AD46D-1F5F-47CA-970B-1E05F6786E10}.Release|Any CPU.ActiveCfg = Release|Any CPU
		{487AD46D-1F5F-47CA-970B-1E05F6786E10}.Release|Any CPU.Build.0 = Release|Any CPU
		{487AD46D-1F5F-47CA-970B-1E05F6786E10}.Release|x64.ActiveCfg = Release|Any CPU
		{487AD46D-1F5F-47CA-970B-1E05F6786E10}.Release|x64.Build.0 = Release|Any CPU
		{487AD46D-1F5F-47CA-970B-1E05F6786E10}.Release|x86.ActiveCfg = Release|Any CPU
		{487AD46D-1F5F-47CA-970B-1E05F6786E10}.Release|x86.Build.0 = Release|Any CPU
		{4E3242CF-73C5-4DFC-A6EF-4A022BC796B5}.Debug|Any CPU.ActiveCfg = Debug|Any CPU
		{4E3242CF-73C5-4DFC-A6EF-4A022BC796B5}.Debug|Any CPU.Build.0 = Debug|Any CPU
		{4E3242CF-73C5-4DFC-A6EF-4A022BC796B5}.Debug|x64.ActiveCfg = Debug|Any CPU
		{4E3242CF-73C5-4DFC-A6EF-4A022BC796B5}.Debug|x64.Build.0 = Debug|Any CPU
		{4E3242CF-73C5-4DFC-A6EF-4A022BC796B5}.Debug|x86.ActiveCfg = Debug|Any CPU
		{4E3242CF-73C5-4DFC-A6EF-4A022BC796B5}.Debug|x86.Build.0 = Debug|Any CPU
		{4E3242CF-73C5-4DFC-A6EF-4A022BC796B5}.Release|Any CPU.ActiveCfg = Release|Any CPU
		{4E3242CF-73C5-4DFC-A6EF-4A022BC796B5}.Release|Any CPU.Build.0 = Release|Any CPU
		{4E3242CF-73C5-4DFC-A6EF-4A022BC796B5}.Release|x64.ActiveCfg = Release|Any CPU
		{4E3242CF-73C5-4DFC-A6EF-4A022BC796B5}.Release|x64.Build.0 = Release|Any CPU
		{4E3242CF-73C5-4DFC-A6EF-4A022BC796B5}.Release|x86.ActiveCfg = Release|Any CPU
		{4E3242CF-73C5-4DFC-A6EF-4A022BC796B5}.Release|x86.Build.0 = Release|Any CPU
		{1582FB13-2637-45F0-BA41-9FB28F707784}.Debug|Any CPU.ActiveCfg = Debug|Any CPU
		{1582FB13-2637-45F0-BA41-9FB28F707784}.Debug|Any CPU.Build.0 = Debug|Any CPU
		{1582FB13-2637-45F0-BA41-9FB28F707784}.Debug|x64.ActiveCfg = Debug|Any CPU
		{1582FB13-2637-45F0-BA41-9FB28F707784}.Debug|x64.Build.0 = Debug|Any CPU
		{1582FB13-2637-45F0-BA41-9FB28F707784}.Debug|x86.ActiveCfg = Debug|Any CPU
		{1582FB13-2637-45F0-BA41-9FB28F707784}.Debug|x86.Build.0 = Debug|Any CPU
		{1582FB13-2637-45F0-BA41-9FB28F707784}.Release|Any CPU.ActiveCfg = Release|Any CPU
		{1582FB13-2637-45F0-BA41-9FB28F707784}.Release|Any CPU.Build.0 = Release|Any CPU
		{1582FB13-2637-45F0-BA41-9FB28F707784}.Release|x64.ActiveCfg = Release|Any CPU
		{1582FB13-2637-45F0-BA41-9FB28F707784}.Release|x64.Build.0 = Release|Any CPU
		{1582FB13-2637-45F0-BA41-9FB28F707784}.Release|x86.ActiveCfg = Release|Any CPU
		{1582FB13-2637-45F0-BA41-9FB28F707784}.Release|x86.Build.0 = Release|Any CPU
		{9AD87B36-B6DE-4A44-A9D5-D68777256C0F}.Debug|Any CPU.ActiveCfg = Debug|Any CPU
		{9AD87B36-B6DE-4A44-A9D5-D68777256C0F}.Debug|Any CPU.Build.0 = Debug|Any CPU
		{9AD87B36-B6DE-4A44-A9D5-D68777256C0F}.Debug|x64.ActiveCfg = Debug|Any CPU
		{9AD87B36-B6DE-4A44-A9D5-D68777256C0F}.Debug|x64.Build.0 = Debug|Any CPU
		{9AD87B36-B6DE-4A44-A9D5-D68777256C0F}.Debug|x86.ActiveCfg = Debug|Any CPU
		{9AD87B36-B6DE-4A44-A9D5-D68777256C0F}.Debug|x86.Build.0 = Debug|Any CPU
		{9AD87B36-B6DE-4A44-A9D5-D68777256C0F}.Release|Any CPU.ActiveCfg = Release|Any CPU
		{9AD87B36-B6DE-4A44-A9D5-D68777256C0F}.Release|Any CPU.Build.0 = Release|Any CPU
		{9AD87B36-B6DE-4A44-A9D5-D68777256C0F}.Release|x64.ActiveCfg = Release|Any CPU
		{9AD87B36-B6DE-4A44-A9D5-D68777256C0F}.Release|x64.Build.0 = Release|Any CPU
		{9AD87B36-B6DE-4A44-A9D5-D68777256C0F}.Release|x86.ActiveCfg = Release|Any CPU
		{9AD87B36-B6DE-4A44-A9D5-D68777256C0F}.Release|x86.Build.0 = Release|Any CPU
		{59582C27-1227-4F27-B32D-BD984F90F0DC}.Debug|Any CPU.ActiveCfg = Debug|Any CPU
		{59582C27-1227-4F27-B32D-BD984F90F0DC}.Debug|Any CPU.Build.0 = Debug|Any CPU
		{59582C27-1227-4F27-B32D-BD984F90F0DC}.Debug|x64.ActiveCfg = Debug|Any CPU
		{59582C27-1227-4F27-B32D-BD984F90F0DC}.Debug|x64.Build.0 = Debug|Any CPU
		{59582C27-1227-4F27-B32D-BD984F90F0DC}.Debug|x86.ActiveCfg = Debug|Any CPU
		{59582C27-1227-4F27-B32D-BD984F90F0DC}.Debug|x86.Build.0 = Debug|Any CPU
		{59582C27-1227-4F27-B32D-BD984F90F0DC}.Release|Any CPU.ActiveCfg = Release|Any CPU
		{59582C27-1227-4F27-B32D-BD984F90F0DC}.Release|Any CPU.Build.0 = Release|Any CPU
		{59582C27-1227-4F27-B32D-BD984F90F0DC}.Release|x64.ActiveCfg = Release|Any CPU
		{59582C27-1227-4F27-B32D-BD984F90F0DC}.Release|x64.Build.0 = Release|Any CPU
		{59582C27-1227-4F27-B32D-BD984F90F0DC}.Release|x86.ActiveCfg = Release|Any CPU
		{59582C27-1227-4F27-B32D-BD984F90F0DC}.Release|x86.Build.0 = Release|Any CPU
	EndGlobalSection
	GlobalSection(SolutionProperties) = preSolution
		HideSolutionNode = FALSE
	EndGlobalSection
	GlobalSection(ExtensibilityGlobals) = postSolution
		SolutionGuid = {4D261752-B199-44F6-9B06-344D9D8653DF}
	EndGlobalSection
EndGlobal
